// !$*UTF8*$!
{
	archiveVersion = 1;
	classes = {
	};
	objectVersion = 56;
	objects = {

/* Begin PBXBuildFile section */
		236D936029B7D5CB00CDEECB /* AppDelegate.swift in Sources */ = {isa = PBXBuildFile; fileRef = 236D935F29B7D5CB00CDEECB /* AppDelegate.swift */; };
		236D936229B7D5CB00CDEECB /* SceneDelegate.swift in Sources */ = {isa = PBXBuildFile; fileRef = 236D936129B7D5CB00CDEECB /* SceneDelegate.swift */; };
		236D936429B7D5CB00CDEECB /* ViewController.swift in Sources */ = {isa = PBXBuildFile; fileRef = 236D936329B7D5CB00CDEECB /* ViewController.swift */; };
		236D936729B7D5CB00CDEECB /* Main.storyboard in Resources */ = {isa = PBXBuildFile; fileRef = 236D936529B7D5CB00CDEECB /* Main.storyboard */; };
		236D936929B7D5CD00CDEECB /* Assets.xcassets in Resources */ = {isa = PBXBuildFile; fileRef = 236D936829B7D5CD00CDEECB /* Assets.xcassets */; };
		236D936C29B7D5CD00CDEECB /* LaunchScreen.storyboard in Resources */ = {isa = PBXBuildFile; fileRef = 236D936A29B7D5CD00CDEECB /* LaunchScreen.storyboard */; };
		236D937729B7D5CD00CDEECB /* TextFileSavaData_DEVINGTests.swift in Sources */ = {isa = PBXBuildFile; fileRef = 236D937629B7D5CD00CDEECB /* TextFileSavaData_DEVINGTests.swift */; };
		236D938129B7D5CD00CDEECB /* TextFileSavaData_DEVINGUITests.swift in Sources */ = {isa = PBXBuildFile; fileRef = 236D938029B7D5CD00CDEECB /* TextFileSavaData_DEVINGUITests.swift */; };
		236D938329B7D5CD00CDEECB /* TextFileSavaData_DEVINGUITestsLaunchTests.swift in Sources */ = {isa = PBXBuildFile; fileRef = 236D938229B7D5CD00CDEECB /* TextFileSavaData_DEVINGUITestsLaunchTests.swift */; };
/* End PBXBuildFile section */

/* Begin PBXContainerItemProxy section */
		236D937329B7D5CD00CDEECB /* PBXContainerItemProxy */ = {
			isa = PBXContainerItemProxy;
			containerPortal = 236D935429B7D5CB00CDEECB /* Project object */;
			proxyType = 1;
			remoteGlobalIDString = 236D935B29B7D5CB00CDEECB;
			remoteInfo = TextFileSavaData_DEVING;
		};
		236D937D29B7D5CD00CDEECB /* PBXContainerItemProxy */ = {
			isa = PBXContainerItemProxy;
			containerPortal = 236D935429B7D5CB00CDEECB /* Project object */;
			proxyType = 1;
			remoteGlobalIDString = 236D935B29B7D5CB00CDEECB;
			remoteInfo = TextFileSavaData_DEVING;
		};
/* End PBXContainerItemProxy section */

/* Begin PBXFileReference section */
		236D935C29B7D5CB00CDEECB /* TextFileSavaData_DEVING.app */ = {isa = PBXFileReference; explicitFileType = wrapper.application; includeInIndex = 0; path = TextFileSavaData_DEVING.app; sourceTree = BUILT_PRODUCTS_DIR; };
		236D935F29B7D5CB00CDEECB /* AppDelegate.swift */ = {isa = PBXFileReference; lastKnownFileType = sourcecode.swift; path = AppDelegate.swift; sourceTree = "<group>"; };
		236D936129B7D5CB00CDEECB /* SceneDelegate.swift */ = {isa = PBXFileReference; lastKnownFileType = sourcecode.swift; path = SceneDelegate.swift; sourceTree = "<group>"; };
		236D936329B7D5CB00CDEECB /* ViewController.swift */ = {isa = PBXFileReference; lastKnownFileType = sourcecode.swift; path = ViewController.swift; sourceTree = "<group>"; };
		236D936629B7D5CB00CDEECB /* Base */ = {isa = PBXFileReference; lastKnownFileType = file.storyboard; name = Base; path = Base.lproj/Main.storyboard; sourceTree = "<group>"; };
		236D936829B7D5CD00CDEECB /* Assets.xcassets */ = {isa = PBXFileReference; lastKnownFileType = folder.assetcatalog; path = Assets.xcassets; sourceTree = "<group>"; };
		236D936B29B7D5CD00CDEECB /* Base */ = {isa = PBXFileReference; lastKnownFileType = file.storyboard; name = Base; path = Base.lproj/LaunchScreen.storyboard; sourceTree = "<group>"; };
		236D936D29B7D5CD00CDEECB /* Info.plist */ = {isa = PBXFileReference; lastKnownFileType = text.plist.xml; path = Info.plist; sourceTree = "<group>"; };
		236D937229B7D5CD00CDEECB /* TextFileSavaData_DEVINGTests.xctest */ = {isa = PBXFileReference; explicitFileType = wrapper.cfbundle; includeInIndex = 0; path = TextFileSavaData_DEVINGTests.xctest; sourceTree = BUILT_PRODUCTS_DIR; };
		236D937629B7D5CD00CDEECB /* TextFileSavaData_DEVINGTests.swift */ = {isa = PBXFileReference; lastKnownFileType = sourcecode.swift; path = TextFileSavaData_DEVINGTests.swift; sourceTree = "<group>"; };
		236D937C29B7D5CD00CDEECB /* TextFileSavaData_DEVINGUITests.xctest */ = {isa = PBXFileReference; explicitFileType = wrapper.cfbundle; includeInIndex = 0; path = TextFileSavaData_DEVINGUITests.xctest; sourceTree = BUILT_PRODUCTS_DIR; };
		236D938029B7D5CD00CDEECB /* TextFileSavaData_DEVINGUITests.swift */ = {isa = PBXFileReference; lastKnownFileType = sourcecode.swift; path = TextFileSavaData_DEVINGUITests.swift; sourceTree = "<group>"; };
		236D938229B7D5CD00CDEECB /* TextFileSavaData_DEVINGUITestsLaunchTests.swift */ = {isa = PBXFileReference; lastKnownFileType = sourcecode.swift; path = TextFileSavaData_DEVINGUITestsLaunchTests.swift; sourceTree = "<group>"; };
/* End PBXFileReference section */

/* Begin PBXFrameworksBuildPhase section */
		236D935929B7D5CB00CDEECB /* Frameworks */ = {
			isa = PBXFrameworksBuildPhase;
			buildActionMask = 2147483647;
			files = (
			);
			runOnlyForDeploymentPostprocessing = 0;
		};
		236D936F29B7D5CD00CDEECB /* Frameworks */ = {
			isa = PBXFrameworksBuildPhase;
			buildActionMask = 2147483647;
			files = (
			);
			runOnlyForDeploymentPostprocessing = 0;
		};
		236D937929B7D5CD00CDEECB /* Frameworks */ = {
			isa = PBXFrameworksBuildPhase;
			buildActionMask = 2147483647;
			files = (
			);
			runOnlyForDeploymentPostprocessing = 0;
		};
/* End PBXFrameworksBuildPhase section */

/* Begin PBXGroup section */
		236D935329B7D5CB00CDEECB = {
			isa = PBXGroup;
			children = (
				236D935E29B7D5CB00CDEECB /* TextFileSavaData_DEVING */,
				236D937529B7D5CD00CDEECB /* TextFileSavaData_DEVINGTests */,
				236D937F29B7D5CD00CDEECB /* TextFileSavaData_DEVINGUITests */,
				236D935D29B7D5CB00CDEECB /* Products */,
			);
			sourceTree = "<group>";
		};
		236D935D29B7D5CB00CDEECB /* Products */ = {
			isa = PBXGroup;
			children = (
				236D935C29B7D5CB00CDEECB /* TextFileSavaData_DEVING.app */,
				236D937229B7D5CD00CDEECB /* TextFileSavaData_DEVINGTests.xctest */,
				236D937C29B7D5CD00CDEECB /* TextFileSavaData_DEVINGUITests.xctest */,
			);
			name = Products;
			sourceTree = "<group>";
		};
		236D935E29B7D5CB00CDEECB /* TextFileSavaData_DEVING */ = {
			isa = PBXGroup;
			children = (
				236D935F29B7D5CB00CDEECB /* AppDelegate.swift */,
				236D936129B7D5CB00CDEECB /* SceneDelegate.swift */,
				236D936329B7D5CB00CDEECB /* ViewController.swift */,
				236D936529B7D5CB00CDEECB /* Main.storyboard */,
				236D936829B7D5CD00CDEECB /* Assets.xcassets */,
				236D936A29B7D5CD00CDEECB /* LaunchScreen.storyboard */,
				236D936D29B7D5CD00CDEECB /* Info.plist */,
			);
			path = TextFileSavaData_DEVING;
			sourceTree = "<group>";
		};
		236D937529B7D5CD00CDEECB /* TextFileSavaData_DEVINGTests */ = {
			isa = PBXGroup;
			children = (
				236D937629B7D5CD00CDEECB /* TextFileSavaData_DEVINGTests.swift */,
			);
			path = TextFileSavaData_DEVINGTests;
			sourceTree = "<group>";
		};
		236D937F29B7D5CD00CDEECB /* TextFileSavaData_DEVINGUITests */ = {
			isa = PBXGroup;
			children = (
				236D938029B7D5CD00CDEECB /* TextFileSavaData_DEVINGUITests.swift */,
				236D938229B7D5CD00CDEECB /* TextFileSavaData_DEVINGUITestsLaunchTests.swift */,
			);
			path = TextFileSavaData_DEVINGUITests;
			sourceTree = "<group>";
		};
/* End PBXGroup section */

/* Begin PBXNativeTarget section */
		236D935B29B7D5CB00CDEECB /* TextFileSavaData_DEVING */ = {
			isa = PBXNativeTarget;
			buildConfigurationList = 236D938629B7D5CD00CDEECB /* Build configuration list for PBXNativeTarget "TextFileSavaData_DEVING" */;
			buildPhases = (
				236D935829B7D5CB00CDEECB /* Sources */,
				236D935929B7D5CB00CDEECB /* Frameworks */,
				236D935A29B7D5CB00CDEECB /* Resources */,
			);
			buildRules = (
			);
			dependencies = (
			);
			name = TextFileSavaData_DEVING;
			productName = TextFileSavaData_DEVING;
			productReference = 236D935C29B7D5CB00CDEECB /* TextFileSavaData_DEVING.app */;
			productType = "com.apple.product-type.application";
		};
		236D937129B7D5CD00CDEECB /* TextFileSavaData_DEVINGTests */ = {
			isa = PBXNativeTarget;
			buildConfigurationList = 236D938929B7D5CD00CDEECB /* Build configuration list for PBXNativeTarget "TextFileSavaData_DEVINGTests" */;
			buildPhases = (
				236D936E29B7D5CD00CDEECB /* Sources */,
				236D936F29B7D5CD00CDEECB /* Frameworks */,
				236D937029B7D5CD00CDEECB /* Resources */,
			);
			buildRules = (
			);
			dependencies = (
				236D937429B7D5CD00CDEECB /* PBXTargetDependency */,
			);
			name = TextFileSavaData_DEVINGTests;
			productName = TextFileSavaData_DEVINGTests;
			productReference = 236D937229B7D5CD00CDEECB /* TextFileSavaData_DEVINGTests.xctest */;
			productType = "com.apple.product-type.bundle.unit-test";
		};
		236D937B29B7D5CD00CDEECB /* TextFileSavaData_DEVINGUITests */ = {
			isa = PBXNativeTarget;
			buildConfigurationList = 236D938C29B7D5CD00CDEECB /* Build configuration list for PBXNativeTarget "TextFileSavaData_DEVINGUITests" */;
			buildPhases = (
				236D937829B7D5CD00CDEECB /* Sources */,
				236D937929B7D5CD00CDEECB /* Frameworks */,
				236D937A29B7D5CD00CDEECB /* Resources */,
			);
			buildRules = (
			);
			dependencies = (
				236D937E29B7D5CD00CDEECB /* PBXTargetDependency */,
			);
			name = TextFileSavaData_DEVINGUITests;
			productName = TextFileSavaData_DEVINGUITests;
			productReference = 236D937C29B7D5CD00CDEECB /* TextFileSavaData_DEVINGUITests.xctest */;
			productType = "com.apple.product-type.bundle.ui-testing";
		};
/* End PBXNativeTarget section */

/* Begin PBXProject section */
		236D935429B7D5CB00CDEECB /* Project object */ = {
			isa = PBXProject;
			attributes = {
				BuildIndependentTargetsInParallel = 1;
				LastSwiftUpdateCheck = 1420;
				LastUpgradeCheck = 1420;
				TargetAttributes = {
					236D935B29B7D5CB00CDEECB = {
						CreatedOnToolsVersion = 14.2;
					};
					236D937129B7D5CD00CDEECB = {
						CreatedOnToolsVersion = 14.2;
						TestTargetID = 236D935B29B7D5CB00CDEECB;
					};
					236D937B29B7D5CD00CDEECB = {
						CreatedOnToolsVersion = 14.2;
						TestTargetID = 236D935B29B7D5CB00CDEECB;
					};
				};
			};
			buildConfigurationList = 236D935729B7D5CB00CDEECB /* Build configuration list for PBXProject "TextFileSavaData_DEVING" */;
			compatibilityVersion = "Xcode 14.0";
			developmentRegion = en;
			hasScannedForEncodings = 0;
			knownRegions = (
				en,
				Base,
			);
			mainGroup = 236D935329B7D5CB00CDEECB;
			productRefGroup = 236D935D29B7D5CB00CDEECB /* Products */;
			projectDirPath = "";
			projectRoot = "";
			targets = (
				236D935B29B7D5CB00CDEECB /* TextFileSavaData_DEVING */,
				236D937129B7D5CD00CDEECB /* TextFileSavaData_DEVINGTests */,
				236D937B29B7D5CD00CDEECB /* TextFileSavaData_DEVINGUITests */,
			);
		};
/* End PBXProject section */

/* Begin PBXResourcesBuildPhase section */
		236D935A29B7D5CB00CDEECB /* Resources */ = {
			isa = PBXResourcesBuildPhase;
			buildActionMask = 2147483647;
			files = (
				236D936C29B7D5CD00CDEECB /* LaunchScreen.storyboard in Resources */,
				236D936929B7D5CD00CDEECB /* Assets.xcassets in Resources */,
				236D936729B7D5CB00CDEECB /* Main.storyboard in Resources */,
			);
			runOnlyForDeploymentPostprocessing = 0;
		};
		236D937029B7D5CD00CDEECB /* Resources */ = {
			isa = PBXResourcesBuildPhase;
			buildActionMask = 2147483647;
			files = (
			);
			runOnlyForDeploymentPostprocessing = 0;
		};
		236D937A29B7D5CD00CDEECB /* Resources */ = {
			isa = PBXResourcesBuildPhase;
			buildActionMask = 2147483647;
			files = (
			);
			runOnlyForDeploymentPostprocessing = 0;
		};
/* End PBXResourcesBuildPhase section */

/* Begin PBXSourcesBuildPhase section */
		236D935829B7D5CB00CDEECB /* Sources */ = {
			isa = PBXSourcesBuildPhase;
			buildActionMask = 2147483647;
			files = (
				236D936429B7D5CB00CDEECB /* ViewController.swift in Sources */,
				236D936029B7D5CB00CDEECB /* AppDelegate.swift in Sources */,
				236D936229B7D5CB00CDEECB /* SceneDelegate.swift in Sources */,
			);
			runOnlyForDeploymentPostprocessing = 0;
		};
		236D936E29B7D5CD00CDEECB /* Sources */ = {
			isa = PBXSourcesBuildPhase;
			buildActionMask = 2147483647;
			files = (
				236D937729B7D5CD00CDEECB /* TextFileSavaData_DEVINGTests.swift in Sources */,
			);
			runOnlyForDeploymentPostprocessing = 0;
		};
		236D937829B7D5CD00CDEECB /* Sources */ = {
			isa = PBXSourcesBuildPhase;
			buildActionMask = 2147483647;
			files = (
				236D938129B7D5CD00CDEECB /* TextFileSavaData_DEVINGUITests.swift in Sources */,
				236D938329B7D5CD00CDEECB /* TextFileSavaData_DEVINGUITestsLaunchTests.swift in Sources */,
			);
			runOnlyForDeploymentPostprocessing = 0;
		};
/* End PBXSourcesBuildPhase section */

/* Begin PBXTargetDependency section */
		236D937429B7D5CD00CDEECB /* PBXTargetDependency */ = {
			isa = PBXTargetDependency;
			target = 236D935B29B7D5CB00CDEECB /* TextFileSavaData_DEVING */;
			targetProxy = 236D937329B7D5CD00CDEECB /* PBXContainerItemProxy */;
		};
		236D937E29B7D5CD00CDEECB /* PBXTargetDependency */ = {
			isa = PBXTargetDependency;
			target = 236D935B29B7D5CB00CDEECB /* TextFileSavaData_DEVING */;
			targetProxy = 236D937D29B7D5CD00CDEECB /* PBXContainerItemProxy */;
		};
/* End PBXTargetDependency section */

/* Begin PBXVariantGroup section */
		236D936529B7D5CB00CDEECB /* Main.storyboard */ = {
			isa = PBXVariantGroup;
			children = (
				236D936629B7D5CB00CDEECB /* Base */,
			);
			name = Main.storyboard;
			sourceTree = "<group>";
		};
		236D936A29B7D5CD00CDEECB /* LaunchScreen.storyboard */ = {
			isa = PBXVariantGroup;
			children = (
				236D936B29B7D5CD00CDEECB /* Base */,
			);
			name = LaunchScreen.storyboard;
			sourceTree = "<group>";
		};
/* End PBXVariantGroup section */

/* Begin XCBuildConfiguration section */
		236D938429B7D5CD00CDEECB /* Debug */ = {
			isa = XCBuildConfiguration;
			buildSettings = {
				ALWAYS_SEARCH_USER_PATHS = NO;
				CLANG_ANALYZER_NONNULL = YES;
				CLANG_ANALYZER_NUMBER_OBJECT_CONVERSION = YES_AGGRESSIVE;
				CLANG_CXX_LANGUAGE_STANDARD = "gnu++20";
				CLANG_ENABLE_MODULES = YES;
				CLANG_ENABLE_OBJC_ARC = YES;
				CLANG_ENABLE_OBJC_WEAK = YES;
				CLANG_WARN_BLOCK_CAPTURE_AUTORELEASING = YES;
				CLANG_WARN_BOOL_CONVERSION = YES;
				CLANG_WARN_COMMA = YES;
				CLANG_WARN_CONSTANT_CONVERSION = YES;
				CLANG_WARN_DEPRECATED_OBJC_IMPLEMENTATIONS = YES;
				CLANG_WARN_DIRECT_OBJC_ISA_USAGE = YES_ERROR;
				CLANG_WARN_DOCUMENTATION_COMMENTS = YES;
				CLANG_WARN_EMPTY_BODY = YES;
				CLANG_WARN_ENUM_CONVERSION = YES;
				CLANG_WARN_INFINITE_RECURSION = YES;
				CLANG_WARN_INT_CONVERSION = YES;
				CLANG_WARN_NON_LITERAL_NULL_CONVERSION = YES;
				CLANG_WARN_OBJC_IMPLICIT_RETAIN_SELF = YES;
				CLANG_WARN_OBJC_LITERAL_CONVERSION = YES;
				CLANG_WARN_OBJC_ROOT_CLASS = YES_ERROR;
				CLANG_WARN_QUOTED_INCLUDE_IN_FRAMEWORK_HEADER = YES;
				CLANG_WARN_RANGE_LOOP_ANALYSIS = YES;
				CLANG_WARN_STRICT_PROTOTYPES = YES;
				CLANG_WARN_SUSPICIOUS_MOVE = YES;
				CLANG_WARN_UNGUARDED_AVAILABILITY = YES_AGGRESSIVE;
				CLANG_WARN_UNREACHABLE_CODE = YES;
				CLANG_WARN__DUPLICATE_METHOD_MATCH = YES;
				COPY_PHASE_STRIP = NO;
				DEBUG_INFORMATION_FORMAT = dwarf;
				ENABLE_STRICT_OBJC_MSGSEND = YES;
				ENABLE_TESTABILITY = YES;
				GCC_C_LANGUAGE_STANDARD = gnu11;
				GCC_DYNAMIC_NO_PIC = NO;
				GCC_NO_COMMON_BLOCKS = YES;
				GCC_OPTIMIZATION_LEVEL = 0;
				GCC_PREPROCESSOR_DEFINITIONS = (
					"DEBUG=1",
					"$(inherited)",
				);
				GCC_WARN_64_TO_32_BIT_CONVERSION = YES;
				GCC_WARN_ABOUT_RETURN_TYPE = YES_ERROR;
				GCC_WARN_UNDECLARED_SELECTOR = YES;
				GCC_WARN_UNINITIALIZED_AUTOS = YES_AGGRESSIVE;
				GCC_WARN_UNUSED_FUNCTION = YES;
				GCC_WARN_UNUSED_VARIABLE = YES;
				IPHONEOS_DEPLOYMENT_TARGET = 16.2;
				MTL_ENABLE_DEBUG_INFO = INCLUDE_SOURCE;
				MTL_FAST_MATH = YES;
				ONLY_ACTIVE_ARCH = YES;
				SDKROOT = iphoneos;
				SWIFT_ACTIVE_COMPILATION_CONDITIONS = DEBUG;
				SWIFT_OPTIMIZATION_LEVEL = "-Onone";
			};
			name = Debug;
		};
		236D938529B7D5CD00CDEECB /* Release */ = {
			isa = XCBuildConfiguration;
			buildSettings = {
				ALWAYS_SEARCH_USER_PATHS = NO;
				CLANG_ANALYZER_NONNULL = YES;
				CLANG_ANALYZER_NUMBER_OBJECT_CONVERSION = YES_AGGRESSIVE;
				CLANG_CXX_LANGUAGE_STANDARD = "gnu++20";
				CLANG_ENABLE_MODULES = YES;
				CLANG_ENABLE_OBJC_ARC = YES;
				CLANG_ENABLE_OBJC_WEAK = YES;
				CLANG_WARN_BLOCK_CAPTURE_AUTORELEASING = YES;
				CLANG_WARN_BOOL_CONVERSION = YES;
				CLANG_WARN_COMMA = YES;
				CLANG_WARN_CONSTANT_CONVERSION = YES;
				CLANG_WARN_DEPRECATED_OBJC_IMPLEMENTATIONS = YES;
				CLANG_WARN_DIRECT_OBJC_ISA_USAGE = YES_ERROR;
				CLANG_WARN_DOCUMENTATION_COMMENTS = YES;
				CLANG_WARN_EMPTY_BODY = YES;
				CLANG_WARN_ENUM_CONVERSION = YES;
				CLANG_WARN_INFINITE_RECURSION = YES;
				CLANG_WARN_INT_CONVERSION = YES;
				CLANG_WARN_NON_LITERAL_NULL_CONVERSION = YES;
				CLANG_WARN_OBJC_IMPLICIT_RETAIN_SELF = YES;
				CLANG_WARN_OBJC_LITERAL_CONVERSION = YES;
				CLANG_WARN_OBJC_ROOT_CLASS = YES_ERROR;
				CLANG_WARN_QUOTED_INCLUDE_IN_FRAMEWORK_HEADER = YES;
				CLANG_WARN_RANGE_LOOP_ANALYSIS = YES;
				CLANG_WARN_STRICT_PROTOTYPES = YES;
				CLANG_WARN_SUSPICIOUS_MOVE = YES;
				CLANG_WARN_UNGUARDED_AVAILABILITY = YES_AGGRESSIVE;
				CLANG_WARN_UNREACHABLE_CODE = YES;
				CLANG_WARN__DUPLICATE_METHOD_MATCH = YES;
				COPY_PHASE_STRIP = NO;
				DEBUG_INFORMATION_FORMAT = "dwarf-with-dsym";
				ENABLE_NS_ASSERTIONS = NO;
				ENABLE_STRICT_OBJC_MSGSEND = YES;
				GCC_C_LANGUAGE_STANDARD = gnu11;
				GCC_NO_COMMON_BLOCKS = YES;
				GCC_WARN_64_TO_32_BIT_CONVERSION = YES;
				GCC_WARN_ABOUT_RETURN_TYPE = YES_ERROR;
				GCC_WARN_UNDECLARED_SELECTOR = YES;
				GCC_WARN_UNINITIALIZED_AUTOS = YES_AGGRESSIVE;
				GCC_WARN_UNUSED_FUNCTION = YES;
				GCC_WARN_UNUSED_VARIABLE = YES;
				IPHONEOS_DEPLOYMENT_TARGET = 16.2;
				MTL_ENABLE_DEBUG_INFO = NO;
				MTL_FAST_MATH = YES;
				SDKROOT = iphoneos;
				SWIFT_COMPILATION_MODE = wholemodule;
				SWIFT_OPTIMIZATION_LEVEL = "-O";
				VALIDATE_PRODUCT = YES;
			};
			name = Release;
		};
		236D938729B7D5CD00CDEECB /* Debug */ = {
			isa = XCBuildConfiguration;
			buildSettings = {
				ASSETCATALOG_COMPILER_APPICON_NAME = AppIcon;
				ASSETCATALOG_COMPILER_GLOBAL_ACCENT_COLOR_NAME = AccentColor;
				CODE_SIGN_STYLE = Automatic;
				CURRENT_PROJECT_VERSION = 1;
				GENERATE_INFOPLIST_FILE = YES;
				INFOPLIST_FILE = TextFileSavaData_DEVING/Info.plist;
				INFOPLIST_KEY_UIApplicationSupportsIndirectInputEvents = YES;
				INFOPLIST_KEY_UILaunchStoryboardName = LaunchScreen;
				INFOPLIST_KEY_UIMainStoryboardFile = Main;
				INFOPLIST_KEY_UISupportedInterfaceOrientations_iPad = "UIInterfaceOrientationPortrait UIInterfaceOrientationPortraitUpsideDown UIInterfaceOrientationLandscapeLeft UIInterfaceOrientationLandscapeRight";
				INFOPLIST_KEY_UISupportedInterfaceOrientations_iPhone = "UIInterfaceOrientationPortrait UIInterfaceOrientationLandscapeLeft UIInterfaceOrientationLandscapeRight";
				LD_RUNPATH_SEARCH_PATHS = (
					"$(inherited)",
					"@executable_path/Frameworks",
				);
				MARKETING_VERSION = 1.0;
				PRODUCT_BUNDLE_IDENTIFIER = "d.TextFileSavaData-DEVING";
				PRODUCT_NAME = "$(TARGET_NAME)";
				SWIFT_EMIT_LOC_STRINGS = YES;
				SWIFT_VERSION = 5.0;
				TARGETED_DEVICE_FAMILY = "1,2";
			};
			name = Debug;
		};
		236D938829B7D5CD00CDEECB /* Release */ = {
			isa = XCBuildConfiguration;
			buildSettings = {
				ASSETCATALOG_COMPILER_APPICON_NAME = AppIcon;
				ASSETCATALOG_COMPILER_GLOBAL_ACCENT_COLOR_NAME = AccentColor;
				CODE_SIGN_STYLE = Automatic;
				CURRENT_PROJECT_VERSION = 1;
				GENERATE_INFOPLIST_FILE = YES;
				INFOPLIST_FILE = TextFileSavaData_DEVING/Info.plist;
				INFOPLIST_KEY_UIApplicationSupportsIndirectInputEvents = YES;
				INFOPLIST_KEY_UILaunchStoryboardName = LaunchScreen;
				INFOPLIST_KEY_UIMainStoryboardFile = Main;
				INFOPLIST_KEY_UISupportedInterfaceOrientations_iPad = "UIInterfaceOrientationPortrait UIInterfaceOrientationPortraitUpsideDown UIInterfaceOrientationLandscapeLeft UIInterfaceOrientationLandscapeRight";
				INFOPLIST_KEY_UISupportedInterfaceOrientations_iPhone = "UIInterfaceOrientationPortrait UIInterfaceOrientationLandscapeLeft UIInterfaceOrientationLandscapeRight";
				LD_RUNPATH_SEARCH_PATHS = (
					"$(inherited)",
					"@executable_path/Frameworks",
				);
				MARKETING_VERSION = 1.0;
				PRODUCT_BUNDLE_IDENTIFIER = "d.TextFileSavaData-DEVING";
				PRODUCT_NAME = "$(TARGET_NAME)";
				SWIFT_EMIT_LOC_STRINGS = YES;
				SWIFT_VERSION = 5.0;
				TARGETED_DEVICE_FAMILY = "1,2";
			};
			name = Release;
		};
		236D938A29B7D5CD00CDEECB /* Debug */ = {
			isa = XCBuildConfiguration;
			buildSettings = {
				ALWAYS_EMBED_SWIFT_STANDARD_LIBRARIES = YES;
				BUNDLE_LOADER = "$(TEST_HOST)";
				CODE_SIGN_STYLE = Automatic;
				CURRENT_PROJECT_VERSION = 1;
				GENERATE_INFOPLIST_FILE = YES;
				IPHONEOS_DEPLOYMENT_TARGET = 16.2;
				MARKETING_VERSION = 1.0;
				PRODUCT_BUNDLE_IDENTIFIER = "d.TextFileSavaData-DEVINGTests";
				PRODUCT_NAME = "$(TARGET_NAME)";
				SWIFT_EMIT_LOC_STRINGS = NO;
				SWIFT_VERSION = 5.0;
				TARGETED_DEVICE_FAMILY = "1,2";
				TEST_HOST = "$(BUILT_PRODUCTS_DIR)/TextFileSavaData_DEVING.app/$(BUNDLE_EXECUTABLE_FOLDER_PATH)/TextFileSavaData_DEVING";
			};
			name = Debug;
		};
		236D938B29B7D5CD00CDEECB /* Release */ = {
			isa = XCBuildConfiguration;
			buildSettings = {
				ALWAYS_EMBED_SWIFT_STANDARD_LIBRARIES = YES;
				BUNDLE_LOADER = "$(TEST_HOST)";
				CODE_SIGN_STYLE = Automatic;
				CURRENT_PROJECT_VERSION = 1;
				GENERATE_INFOPLIST_FILE = YES;
				IPHONEOS_DEPLOYMENT_TARGET = 16.2;
				MARKETING_VERSION = 1.0;
				PRODUCT_BUNDLE_IDENTIFIER = "d.TextFileSavaData-DEVINGTests";
				PRODUCT_NAME = "$(TARGET_NAME)";
				SWIFT_EMIT_LOC_STRINGS = NO;
				SWIFT_VERSION = 5.0;
				TARGETED_DEVICE_FAMILY = "1,2";
				TEST_HOST = "$(BUILT_PRODUCTS_DIR)/TextFileSavaData_DEVING.app/$(BUNDLE_EXECUTABLE_FOLDER_PATH)/TextFileSavaData_DEVING";
			};
			name = Release;
		};
		236D938D29B7D5CD00CDEECB /* Debug */ = {
			isa = XCBuildConfiguration;
			buildSettings = {
				ALWAYS_EMBED_SWIFT_STANDARD_LIBRARIES = YES;
				CODE_SIGN_STYLE = Automatic;
				CURRENT_PROJECT_VERSION = 1;
				GENERATE_INFOPLIST_FILE = YES;
				MARKETING_VERSION = 1.0;
				PRODUCT_BUNDLE_IDENTIFIER = "d.TextFileSavaData-DEVINGUITests";
				PRODUCT_NAME = "$(TARGET_NAME)";
				SWIFT_EMIT_LOC_STRINGS = NO;
				SWIFT_VERSION = 5.0;
				TARGETED_DEVICE_FAMILY = "1,2";
				TEST_TARGET_NAME = TextFileSavaData_DEVING;
			};
			name = Debug;
		};
		236D938E29B7D5CD00CDEECB /* Release */ = {
			isa = XCBuildConfiguration;
			buildSettings = {
				ALWAYS_EMBED_SWIFT_STANDARD_LIBRARIES = YES;
				CODE_SIGN_STYLE = Automatic;
				CURRENT_PROJECT_VERSION = 1;
				GENERATE_INFOPLIST_FILE = YES;
				MARKETING_VERSION = 1.0;
				PRODUCT_BUNDLE_IDENTIFIER = "d.TextFileSavaData-DEVINGUITests";
				PRODUCT_NAME = "$(TARGET_NAME)";
				SWIFT_EMIT_LOC_STRINGS = NO;
				SWIFT_VERSION = 5.0;
				TARGETED_DEVICE_FAMILY = "1,2";
				TEST_TARGET_NAME = TextFileSavaData_DEVING;
			};
			name = Release;
		};
/* End XCBuildConfiguration section */

/* Begin XCConfigurationList section */
		236D935729B7D5CB00CDEECB /* Build configuration list for PBXProject "TextFileSavaData_DEVING" */ = {
			isa = XCConfigurationList;
			buildConfigurations = (
				236D938429B7D5CD00CDEECB /* Debug */,
				236D938529B7D5CD00CDEECB /* Release */,
			);
			defaultConfigurationIsVisible = 0;
			defaultConfigurationName = Release;
		};
		236D938629B7D5CD00CDEECB /* Build configuration list for PBXNativeTarget "TextFileSavaData_DEVING" */ = {
			isa = XCConfigurationList;
			buildConfigurations = (
				236D938729B7D5CD00CDEECB /* Debug */,
				236D938829B7D5CD00CDEECB /* Release */,
			);
			defaultConfigurationIsVisible = 0;
			defaultConfigurationName = Release;
		};
		236D938929B7D5CD00CDEECB /* Build configuration list for PBXNativeTarget "TextFileSavaData_DEVINGTests" */ = {
			isa = XCConfigurationList;
			buildConfigurations = (
				236D938A29B7D5CD00CDEECB /* Debug */,
				236D938B29B7D5CD00CDEECB /* Release */,
			);
			defaultConfigurationIsVisible = 0;
			defaultConfigurationName = Release;
		};
		236D938C29B7D5CD00CDEECB /* Build configuration list for PBXNativeTarget "TextFileSavaData_DEVINGUITests" */ = {
			isa = XCConfigurationList;
			buildConfigurations = (
				236D938D29B7D5CD00CDEECB /* Debug */,
				236D938E29B7D5CD00CDEECB /* Release */,
			);
			defaultConfigurationIsVisible = 0;
			defaultConfigurationName = Release;
		};
/* End XCConfigurationList section */
	};
	rootObject = 236D935429B7D5CB00CDEECB /* Project object */;
}
